# Generated by Dagger. Pins the images and git refs this workspace uses.
# Any Dagger command may update this file; always commit it with your changes.
# Run `dagger lock update` to refresh the pinned versions.
[["version","2"]]
["","git-latest",["github.com/dagger/dang-sdk"],"refs/tags/v1.0.1"]
["","git-latest",["github.com/dagger/proxy"],"refs/heads/main"]
["","git-latest",["github.com/dagger/sdk-helpers",["version","v1"]],"refs/tags/v1.0.5"]
["","git-sha",["github.com/dagger/dang-sdk","refs/tags/v1.0.1"],"6dde4a9ca2cb598bf281ba36778d2428ad53aa48"]
["","git-sha",["github.com/dagger/proxy","refs/heads/main"],"3224e8981d8c8f04a0c238dc933b7415a2a6349f"]
["","git-sha",["github.com/dagger/sdk-helpers","refs/tags/v1.0.5"],"2d593321b19e3519584b1bbd6e77d83b2be9de2f"]
["","oci-latest",["docker.io/docker/compose-bin"],"v5.5.0"]
["","oci-sha",["docker.io/docker/compose-bin:v5.5.0"],"sha256:962d5ea7017e5ef425bfa47e492efa2c27d0492e8af58c497011e73b2ce98ee0"]
["","oci-sha",["docker.io/hadolint/hadolint:v2.14.0-alpine"],"sha256:7aba693c1442eb31c0b015c129697cb3b6cb7da589d85c7562f9deb435a6657c"]
["","oci-sha",["docker.io/library/alpine:3.20"],"sha256:d9e853e87e55526f6b2917df91a2115c36dd7c696a35be12163d44e6e2a4b6bc"]
["","oci-sha",["docker.io/library/nginx:1.25.3"],"sha256:c7a6ad68be85142c7fe1089e48faa1e7c7166a194caa9180ddea66345876b9d2"]
["","oci-sha",["docker.io/traefik/whoami:v1.11"],"sha256:200689790a0a0ea48ca45992e0450bc26ccab5307375b41c84dfc4f2475937ab"]
["","vanity-url",["https://dagger.io/sdk/helpers"],"https://github.com/dagger/sdk-helpers"]